// !$*UTF8*$!
{
	archiveVersion = 1;
	classes = {
	};
	objectVersion = 46;
	objects = {

/* Begin PBXBuildFile section */
		F7C828AA19D51710002D8EDE /* Foundation.framework in Frameworks */ = {isa = PBXBuildFile; fileRef = F7C828A919D51710002D8EDE /* Foundation.framework */; };
		F7C828AC19D51710002D8EDE /* CoreGraphics.framework in Frameworks */ = {isa = PBXBuildFile; fileRef = F7C828AB19D51710002D8EDE /* CoreGraphics.framework */; };
		F7C828AE19D51710002D8EDE /* UIKit.framework in Frameworks */ = {isa = PBXBuildFile; fileRef = F7C828AD19D51710002D8EDE /* UIKit.framework */; };
		F7C828B419D51710002D8EDE /* InfoPlist.strings in Resources */ = {isa = PBXBuildFile; fileRef = F7C828B219D51710002D8EDE /* InfoPlist.strings */; };
		F7C828B619D51710002D8EDE /* main.m in Sources */ = {isa = PBXBuildFile; fileRef = F7C828B519D51710002D8EDE /* main.m */; };
		F7C828BA19D51710002D8EDE /* GLGAppDelegate.m in Sources */ = {isa = PBXBuildFile; fileRef = F7C828B919D51710002D8EDE /* GLGAppDelegate.m */; };
		F7C828BD19D51710002D8EDE /* Main.storyboard in Resources */ = {isa = PBXBuildFile; fileRef = F7C828BB19D51710002D8EDE /* Main.storyboard */; };
		F7C828C019D51710002D8EDE /* GLGViewController.m in Sources */ = {isa = PBXBuildFile; fileRef = F7C828BF19D51710002D8EDE /* GLGViewController.m */; };
		F7C828C219D51710002D8EDE /* Images.xcassets in Resources */ = {isa = PBXBuildFile; fileRef = F7C828C119D51710002D8EDE /* Images.xcassets */; };
		F7C828C919D51710002D8EDE /* XCTest.framework in Frameworks */ = {isa = PBXBuildFile; fileRef = F7C828C819D51710002D8EDE /* XCTest.framework */; };
		F7C828CA19D51710002D8EDE /* Foundation.framework in Frameworks */ = {isa = PBXBuildFile; fileRef = F7C828A919D51710002D8EDE /* Foundation.framework */; };
		F7C828CB19D51710002D8EDE /* UIKit.framework in Frameworks */ = {isa = PBXBuildFile; fileRef = F7C828AD19D51710002D8EDE /* UIKit.framework */; };
		F7C828D319D51710002D8EDE /* InfoPlist.strings in Resources */ = {isa = PBXBuildFile; fileRef = F7C828D119D51710002D8EDE /* InfoPlist.strings */; };
		F7C828D519D51710002D8EDE /* photo_pickerTests.m in Sources */ = {isa = PBXBuildFile; fileRef = F7C828D419D51710002D8EDE /* photo_pickerTests.m */; };
/* End PBXBuildFile section */

/* Begin PBXContainerItemProxy section */
		F7C828CC19D51710002D8EDE /* PBXContainerItemProxy */ = {
			isa = PBXContainerItemProxy;
			containerPortal = F7C8289E19D51710002D8EDE /* Project object */;
			proxyType = 1;
			remoteGlobalIDString = F7C828A519D51710002D8EDE;
			remoteInfo = "photo-picker";
		};
/* End PBXContainerItemProxy section */

/* Begin PBXFileReference section */
		F7C828A619D51710002D8EDE /* photo-picker.app */ = {isa = PBXFileReference; explicitFileType = wrapper.application; includeInIndex = 0; path = "photo-picker.app"; sourceTree = BUILT_PRODUCTS_DIR; };
		F7C828A919D51710002D8EDE /* Foundation.framework */ = {isa = PBXFileReference; lastKnownFileType = wrapper.framework; name = Foundation.framework; path = System/Library/Frameworks/Foundation.framework; sourceTree = SDKROOT; };
		F7C828AB19D51710002D8EDE /* CoreGraphics.framework */ = {isa = PBXFileReference; lastKnownFileType = wrapper.framework; name = CoreGraphics.framework; path = System/Library/Frameworks/CoreGraphics.framework; sourceTree = SDKROOT; };
		F7C828AD19D51710002D8EDE /* UIKit.framework */ = {isa = PBXFileReference; lastKnownFileType = wrapper.framework; name = UIKit.framework; path = System/Library/Frameworks/UIKit.framework; sourceTree = SDKROOT; };
		F7C828B119D51710002D8EDE /* photo-picker-Info.plist */ = {isa = PBXFileReference; lastKnownFileType = text.plist.xml; path = "photo-picker-Info.plist"; sourceTree = "<group>"; };
		F7C828B319D51710002D8EDE /* en */ = {isa = PBXFileReference; lastKnownFileType = text.plist.strings; name = en; path = en.lproj/InfoPlist.strings; sourceTree = "<group>"; };
		F7C828B519D51710002D8EDE /* main.m */ = {isa = PBXFileReference; lastKnownFileType = sourcecode.c.objc; path = main.m; sourceTree = "<group>"; };
		F7C828B719D51710002D8EDE /* photo-picker-Prefix.pch */ = {isa = PBXFileReference; lastKnownFileType = sourcecode.c.h; path = "photo-picker-Prefix.pch"; sourceTree = "<group>"; };
		F7C828B819D51710002D8EDE /* GLGAppDelegate.h */ = {isa = PBXFileReference; lastKnownFileType = sourcecode.c.h; path = GLGAppDelegate.h; sourceTree = "<group>"; };
		F7C828B919D51710002D8EDE /* GLGAppDelegate.m */ = {isa = PBXFileReference; lastKnownFileType = sourcecode.c.objc; path = GLGAppDelegate.m; sourceTree = "<group>"; };
		F7C828BC19D51710002D8EDE /* Base */ = {isa = PBXFileReference; lastKnownFileType = file.storyboard; name = Base; path = Base.lproj/Main.storyboard; sourceTree = "<group>"; };
		F7C828BE19D51710002D8EDE /* GLGViewController.h */ = {isa = PBXFileReference; lastKnownFileType = sourcecode.c.h; path = GLGViewController.h; sourceTree = "<group>"; };
		F7C828BF19D51710002D8EDE /* GLGViewController.m */ = {isa = PBXFileReference; lastKnownFileType = sourcecode.c.objc; path = GLGViewController.m; sourceTree = "<group>"; };
		F7C828C119D51710002D8EDE /* Images.xcassets */ = {isa = PBXFileReference; lastKnownFileType = folder.assetcatalog; path = Images.xcassets; sourceTree = "<group>"; };
		F7C828C719D51710002D8EDE /* photo-pickerTests.xctest */ = {isa = PBXFileReference; explicitFileType = wrapper.cfbundle; includeInIndex = 0; path = "photo-pickerTests.xctest"; sourceTree = BUILT_PRODUCTS_DIR; };
		F7C828C819D51710002D8EDE /* XCTest.framework */ = {isa = PBXFileReference; lastKnownFileType = wrapper.framework; name = XCTest.framework; path = Library/Frameworks/XCTest.framework; sourceTree = DEVELOPER_DIR; };
		F7C828D019D51710002D8EDE /* photo-pickerTests-Info.plist */ = {isa = PBXFileReference; lastKnownFileType = text.plist.xml; path = "photo-pickerTests-Info.plist"; sourceTree = "<group>"; };
		F7C828D219D51710002D8EDE /* en */ = {isa = PBXFileReference; lastKnownFileType = text.plist.strings; name = en; path = en.lproj/InfoPlist.strings; sourceTree = "<group>"; };
		F7C828D419D51710002D8EDE /* photo_pickerTests.m */ = {isa = PBXFileReference; lastKnownFileType = sourcecode.c.objc; path = photo_pickerTests.m; sourceTree = "<group>"; };
/* End PBXFileReference section */

/* Begin PBXFrameworksBuildPhase section */
		F7C828A319D51710002D8EDE /* Frameworks */ = {
			isa = PBXFrameworksBuildPhase;
			buildActionMask = 2147483647;
			files = (
				F7C828AC19D51710002D8EDE /* CoreGraphics.framework in Frameworks */,
				F7C828AE19D51710002D8EDE /* UIKit.framework in Frameworks */,
				F7C828AA19D51710002D8EDE /* Foundation.framework in Frameworks */,
			);
			runOnlyForDeploymentPostprocessing = 0;
		};
		F7C828C419D51710002D8EDE /* Frameworks */ = {
			isa = PBXFrameworksBuildPhase;
			buildActionMask = 2147483647;
			files = (
				F7C828C919D51710002D8EDE /* XCTest.framework in Frameworks */,
				F7C828CB19D51710002D8EDE /* UIKit.framework in Frameworks */,
				F7C828CA19D51710002D8EDE /* Foundation.framework in Frameworks */,
			);
			runOnlyForDeploymentPostprocessing = 0;
		};
/* End PBXFrameworksBuildPhase section */

/* Begin PBXGroup section */
		F7C8289D19D51710002D8EDE = {
			isa = PBXGroup;
			children = (
				F7C828AF19D51710002D8EDE /* photo-picker */,
				F7C828CE19D51710002D8EDE /* photo-pickerTests */,
				F7C828A819D51710002D8EDE /* Frameworks */,
				F7C828A719D51710002D8EDE /* Products */,
			);
			sourceTree = "<group>";
		};
		F7C828A719D51710002D8EDE /* Products */ = {
			isa = PBXGroup;
			children = (
				F7C828A619D51710002D8EDE /* photo-picker.app */,
				F7C828C719D51710002D8EDE /* photo-pickerTests.xctest */,
			);
			name = Products;
			sourceTree = "<group>";
		};
		F7C828A819D51710002D8EDE /* Frameworks */ = {
			isa = PBXGroup;
			children = (
				F7C828A919D51710002D8EDE /* Foundation.framework */,
				F7C828AB19D51710002D8EDE /* CoreGraphics.framework */,
				F7C828AD19D51710002D8EDE /* UIKit.framework */,
				F7C828C819D51710002D8EDE /* XCTest.framework */,
			);
			name = Frameworks;
			sourceTree = "<group>";
		};
		F7C828AF19D51710002D8EDE /* photo-picker */ = {
			isa = PBXGroup;
			children = (
				F7C828B819D51710002D8EDE /* GLGAppDelegate.h */,
				F7C828B919D51710002D8EDE /* GLGAppDelegate.m */,
				F7C828BB19D51710002D8EDE /* Main.storyboard */,
				F7C828BE19D51710002D8EDE /* GLGViewController.h */,
				F7C828BF19D51710002D8EDE /* GLGViewController.m */,
				F7C828C119D51710002D8EDE /* Images.xcassets */,
				F7C828B019D51710002D8EDE /* Supporting Files */,
			);
			path = "photo-picker";
			sourceTree = "<group>";
		};
		F7C828B019D51710002D8EDE /* Supporting Files */ = {
			isa = PBXGroup;
			children = (
				F7C828B119D51710002D8EDE /* photo-picker-Info.plist */,
				F7C828B219D51710002D8EDE /* InfoPlist.strings */,
				F7C828B519D51710002D8EDE /* main.m */,
				F7C828B719D51710002D8EDE /* photo-picker-Prefix.pch */,
			);
			name = "Supporting Files";
			sourceTree = "<group>";
		};
		F7C828CE19D51710002D8EDE /* photo-pickerTests */ = {
			isa = PBXGroup;
			children = (
				F7C828D419D51710002D8EDE /* photo_pickerTests.m */,
				F7C828CF19D51710002D8EDE /* Supporting Files */,
			);
			path = "photo-pickerTests";
			sourceTree = "<group>";
		};
		F7C828CF19D51710002D8EDE /* Supporting Files */ = {
			isa = PBXGroup;
			children = (
				F7C828D019D51710002D8EDE /* photo-pickerTests-Info.plist */,
				F7C828D119D51710002D8EDE /* InfoPlist.strings */,
			);
			name = "Supporting Files";
			sourceTree = "<group>";
		};
/* End PBXGroup section */

/* Begin PBXNativeTarget section */
		F7C828A519D51710002D8EDE /* photo-picker */ = {
			isa = PBXNativeTarget;
			buildConfigurationList = F7C828D819D51710002D8EDE /* Build configuration list for PBXNativeTarget "photo-picker" */;
			buildPhases = (
				F7C828A219D51710002D8EDE /* Sources */,
				F7C828A319D51710002D8EDE /* Frameworks */,
				F7C828A419D51710002D8EDE /* Resources */,
			);
			buildRules = (
			);
			dependencies = (
			);
			name = "photo-picker";
			productName = "photo-picker";
			productReference = F7C828A619D51710002D8EDE /* photo-picker.app */;
			productType = "com.apple.product-type.application";
		};
		F7C828C619D51710002D8EDE /* photo-pickerTests */ = {
			isa = PBXNativeTarget;
			buildConfigurationList = F7C828DB19D51710002D8EDE /* Build configuration list for PBXNativeTarget "photo-pickerTests" */;
			buildPhases = (
				F7C828C319D51710002D8EDE /* Sources */,
				F7C828C419D51710002D8EDE /* Frameworks */,
				F7C828C519D51710002D8EDE /* Resources */,
			);
			buildRules = (
			);
			dependencies = (
				F7C828CD19D51710002D8EDE /* PBXTargetDependency */,
			);
			name = "photo-pickerTests";
			productName = "photo-pickerTests";
			productReference = F7C828C719D51710002D8EDE /* photo-pickerTests.xctest */;
			productType = "com.apple.product-type.bundle.unit-test";
		};
/* End PBXNativeTarget section */

/* Begin PBXProject section */
		F7C8289E19D51710002D8EDE /* Project object */ = {
			isa = PBXProject;
			attributes = {
				CLASSPREFIX = GLG;
				LastUpgradeCheck = 0510;
				ORGANIZATIONNAME = "General Linear Group";
				TargetAttributes = {
					F7C828C619D51710002D8EDE = {
						TestTargetID = F7C828A519D51710002D8EDE;
					};
				};
			};
			buildConfigurationList = F7C828A119D51710002D8EDE /* Build configuration list for PBXProject "photo-picker" */;
			compatibilityVersion = "Xcode 3.2";
			developmentRegion = English;
			hasScannedForEncodings = 0;
			knownRegions = (
				en,
				Base,
			);
			mainGroup = F7C8289D19D51710002D8EDE;
			productRefGroup = F7C828A719D51710002D8EDE /* Products */;
			projectDirPath = "";
			projectRoot = "";
			targets = (
				F7C828A519D51710002D8EDE /* photo-picker */,
				F7C828C619D51710002D8EDE /* photo-pickerTests */,
			);
		};
/* End PBXProject section */

/* Begin PBXResourcesBuildPhase section */
		F7C828A419D51710002D8EDE /* Resources */ = {
			isa = PBXResourcesBuildPhase;
			buildActionMask = 2147483647;
			files = (
				F7C828C219D51710002D8EDE /* Images.xcassets in Resources */,
				F7C828B419D51710002D8EDE /* InfoPlist.strings in Resources */,
				F7C828BD19D51710002D8EDE /* Main.storyboard in Resources */,
			);
			runOnlyForDeploymentPostprocessing = 0;
		};
		F7C828C519D51710002D8EDE /* Resources */ = {
			isa = PBXResourcesBuildPhase;
			buildActionMask = 2147483647;
			files = (
				F7C828D319D51710002D8EDE /* InfoPlist.strings in Resources */,
			);
			runOnlyForDeploymentPostprocessing = 0;
		};
/* End PBXResourcesBuildPhase section */

/* Begin PBXSourcesBuildPhase section */
		F7C828A219D51710002D8EDE /* Sources */ = {
			isa = PBXSourcesBuildPhase;
			buildActionMask = 2147483647;
			files = (
				F7C828C019D51710002D8EDE /* GLGViewController.m in Sources */,
				F7C828B619D51710002D8EDE /* main.m in Sources */,
				F7C828BA19D51710002D8EDE /* GLGAppDelegate.m in Sources */,
			);
			runOnlyForDeploymentPostprocessing = 0;
		};
		F7C828C319D51710002D8EDE /* Sources */ = {
			isa = PBXSourcesBuildPhase;
			buildActionMask = 2147483647;
			files = (
				F7C828D519D51710002D8EDE /* photo_pickerTests.m in Sources */,
			);
			runOnlyForDeploymentPostprocessing = 0;
		};
/* End PBXSourcesBuildPhase section */

/* Begin PBXTargetDependency section */
		F7C828CD19D51710002D8EDE /* PBXTargetDependency */ = {
			isa = PBXTargetDependency;
			target = F7C828A519D51710002D8EDE /* photo-picker */;
			targetProxy = F7C828CC19D51710002D8EDE /* PBXContainerItemProxy */;
		};
/* End PBXTargetDependency section */

/* Begin PBXVariantGroup section */
		F7C828B219D51710002D8EDE /* InfoPlist.strings */ = {
			isa = PBXVariantGroup;
			children = (
				F7C828B319D51710002D8EDE /* en */,
			);
			name = InfoPlist.strings;
			sourceTree = "<group>";
		};
		F7C828BB19D51710002D8EDE /* Main.storyboard */ = {
			isa = PBXVariantGroup;
			children = (
				F7C828BC19D51710002D8EDE /* Base */,
			);
			name = Main.storyboard;
			sourceTree = "<group>";
		};
		F7C828D119D51710002D8EDE /* InfoPlist.strings */ = {
			isa = PBXVariantGroup;
			children = (
				F7C828D219D51710002D8EDE /* en */,
			);
			name = InfoPlist.strings;
			sourceTree = "<group>";
		};
/* End PBXVariantGroup section */

/* Begin XCBuildConfiguration section */
		F7C828D619D51710002D8EDE /* Debug */ = {
			isa = XCBuildConfiguration;
			buildSettings = {
				ALWAYS_SEARCH_USER_PATHS = NO;
				CLANG_CXX_LANGUAGE_STANDARD = "gnu++0x";
				CLANG_CXX_LIBRARY = "libc++";
				CLANG_ENABLE_MODULES = YES;
				CLANG_ENABLE_OBJC_ARC = YES;
				CLANG_WARN_BOOL_CONVERSION = YES;
				CLANG_WARN_CONSTANT_CONVERSION = YES;
				CLANG_WARN_DIRECT_OBJC_ISA_USAGE = YES_ERROR;
				CLANG_WARN_EMPTY_BODY = YES;
				CLANG_WARN_ENUM_CONVERSION = YES;
				CLANG_WARN_INT_CONVERSION = YES;
				CLANG_WARN_OBJC_ROOT_CLASS = YES_ERROR;
				CLANG_WARN__DUPLICATE_METHOD_MATCH = YES;
				"CODE_SIGN_IDENTITY[sdk=iphoneos*]" = "iPhone Developer";
				COPY_PHASE_STRIP = NO;
				GCC_C_LANGUAGE_STANDARD = gnu99;
				GCC_DYNAMIC_NO_PIC = NO;
				GCC_OPTIMIZATION_LEVEL = 0;
				GCC_PREPROCESSOR_DEFINITIONS = (
					"DEBUG=1",
					"$(inherited)",
				);
				GCC_SYMBOLS_PRIVATE_EXTERN = NO;
				GCC_WARN_64_TO_32_BIT_CONVERSION = YES;
				GCC_WARN_ABOUT_RETURN_TYPE = YES_ERROR;
				GCC_WARN_UNDECLARED_SELECTOR = YES;
				GCC_WARN_UNINITIALIZED_AUTOS = YES_AGGRESSIVE;
				GCC_WARN_UNUSED_FUNCTION = YES;
				GCC_WARN_UNUSED_VARIABLE = YES;
				IPHONEOS_DEPLOYMENT_TARGET = 7.1;
				ONLY_ACTIVE_ARCH = YES;
				SDKROOT = iphoneos;
			};
			name = Debug;
		};
		F7C828D719D51710002D8EDE /* Release */ = {
			isa = XCBuildConfiguration;
			buildSettings = {
				ALWAYS_SEARCH_USER_PATHS = NO;
				CLANG_CXX_LANGUAGE_STANDARD = "gnu++0x";
				CLANG_CXX_LIBRARY = "libc++";
				CLANG_ENABLE_MODULES = YES;
				CLANG_ENABLE_OBJC_ARC = YES;
				CLANG_WARN_BOOL_CONVERSION = YES;
				CLANG_WARN_CONSTANT_CONVERSION = YES;
				CLANG_WARN_DIRECT_OBJC_ISA_USAGE = YES_ERROR;
				CLANG_WARN_EMPTY_BODY = YES;
				CLANG_WARN_ENUM_CONVERSION = YES;
				CLANG_WARN_INT_CONVERSION = YES;
				CLANG_WARN_OBJC_ROOT_CLASS = YES_ERROR;
				CLANG_WARN__DUPLICATE_METHOD_MATCH = YES;
				"CODE_SIGN_IDENTITY[sdk=iphoneos*]" = "iPhone Developer";
				COPY_PHASE_STRIP = YES;
				ENABLE_NS_ASSERTIONS = NO;
				GCC_C_LANGUAGE_STANDARD = gnu99;
				GCC_WARN_64_TO_32_BIT_CONVERSION = YES;
				GCC_WARN_ABOUT_RETURN_TYPE = YES_ERROR;
				GCC_WARN_UNDECLARED_SELECTOR = YES;
				GCC_WARN_UNINITIALIZED_AUTOS = YES_AGGRESSIVE;
				GCC_WARN_UNUSED_FUNCTION = YES;
				GCC_WARN_UNUSED_VARIABLE = YES;
				IPHONEOS_DEPLOYMENT_TARGET = 7.1;
				SDKROOT = iphoneos;
				VALIDATE_PRODUCT = YES;
			};
			name = Release;
		};
		F7C828D919D51710002D8EDE /* Debug */ = {
			isa = XCBuildConfiguration;
			buildSettings = {
				ASSETCATALOG_COMPILER_APPICON_NAME = AppIcon;
				ASSETCATALOG_COMPILER_LAUNCHIMAGE_NAME = LaunchImage;
				GCC_PRECOMPILE_PREFIX_HEADER = YES;
				GCC_PREFIX_HEADER = "photo-picker/photo-picker-Prefix.pch";
				INFOPLIST_FILE = "photo-picker/photo-picker-Info.plist";
				PRODUCT_NAME = "$(TARGET_NAME)";
				WRAPPER_EXTENSION = app;
			};
			name = Debug;
		};
		F7C828DA19D51710002D8EDE /* Release */ = {
			isa = XCBuildConfiguration;
			buildSettings = {
				ASSETCATALOG_COMPILER_APPICON_NAME = AppIcon;
				ASSETCATALOG_COMPILER_LAUNCHIMAGE_NAME = LaunchImage;
				GCC_PRECOMPILE_PREFIX_HEADER = YES;
				GCC_PREFIX_HEADER = "photo-picker/photo-picker-Prefix.pch";
				INFOPLIST_FILE = "photo-picker/photo-picker-Info.plist";
				PRODUCT_NAME = "$(TARGET_NAME)";
				WRAPPER_EXTENSION = app;
			};
			name = Release;
		};
		F7C828DC19D51710002D8EDE /* Debug */ = {
			isa = XCBuildConfiguration;
			buildSettings = {
				BUNDLE_LOADER = "$(BUILT_PRODUCTS_DIR)/photo-picker.app/photo-picker";
				FRAMEWORK_SEARCH_PATHS = (
					"$(SDKROOT)/Developer/Library/Frameworks",
					"$(inherited)",
					"$(DEVELOPER_FRAMEWORKS_DIR)",
				);
				GCC_PRECOMPILE_PREFIX_HEADER = YES;
				GCC_PREFIX_HEADER = "photo-picker/photo-picker-Prefix.pch";
				GCC_PREPROCESSOR_DEFINITIONS = (
					"DEBUG=1",
					"$(inherited)",
				);
				INFOPLIST_FILE = "photo-pickerTests/photo-pickerTests-Info.plist";
				PRODUCT_NAME = "$(TARGET_NAME)";
				TEST_HOST = "$(BUNDLE_LOADER)";
				WRAPPER_EXTENSION = xctest;
			};
			name = Debug;
		};
		F7C828DD19D51710002D8EDE /* Release */ = {
			isa = XCBuildConfiguration;
			buildSettings = {
				BUNDLE_LOADER = "$(BUILT_PRODUCTS_DIR)/photo-picker.app/photo-picker";
				FRAMEWORK_SEARCH_PATHS = (
					"$(SDKROOT)/Developer/Library/Frameworks",
					"$(inherited)",
					"$(DEVELOPER_FRAMEWORKS_DIR)",
				);
				GCC_PRECOMPILE_PREFIX_HEADER = YES;
				GCC_PREFIX_HEADER = "photo-picker/photo-picker-Prefix.pch";
				INFOPLIST_FILE = "photo-pickerTests/photo-pickerTests-Info.plist";
				PRODUCT_NAME = "$(TARGET_NAME)";
				TEST_HOST = "$(BUNDLE_LOADER)";
				WRAPPER_EXTENSION = xctest;
			};
			name = Release;
		};
/* End XCBuildConfiguration section */

/* Begin XCConfigurationList section */
		F7C828A119D51710002D8EDE /* Build configuration list for PBXProject "photo-picker" */ = {
			isa = XCConfigurationList;
			buildConfigurations = (
				F7C828D619D51710002D8EDE /* Debug */,
				F7C828D719D51710002D8EDE /* Release */,
			);
			defaultConfigurationIsVisible = 0;
			defaultConfigurationName = Release;
		};
		F7C828D819D51710002D8EDE /* Build configuration list for PBXNativeTarget "photo-picker" */ = {
			isa = XCConfigurationList;
			buildConfigurations = (
				F7C828D919D51710002D8EDE /* Debug */,
				F7C828DA19D51710002D8EDE /* Release */,
			);
			defaultConfigurationIsVisible = 0;
		};
		F7C828DB19D51710002D8EDE /* Build configuration list for PBXNativeTarget "photo-pickerTests" */ = {
			isa = XCConfigurationList;
			buildConfigurations = (
				F7C828DC19D51710002D8EDE /* Debug */,
				F7C828DD19D51710002D8EDE /* Release */,
			);
			defaultConfigurationIsVisible = 0;
		};
/* End XCConfigurationList section */
	};
	rootObject = F7C8289E19D51710002D8EDE /* Project object */;
}
